
Microsoft Visual Studio Solution File, Format Version 12.00
# Visual Studio Version 17
VisualStudioVersion = 17.14.36109.1 d17.14
MinimumVisualStudioVersion = 10.0.40219.1
Project("{FAE04EC0-301F-11D3-BF4B-00C04F79EFBC}") = "Модификаторы доступа в C#", "Модификаторы доступа в C#\Модификаторы доступа в C#.csproj", "{3F36D34E-9BAB-441C-9155-AA7200ADD4F2}"
EndProject
Global
	GlobalSection(SolutionConfigurationPlatforms) = preSolution
		Debug|Any CPU = Debug|Any CPU
		Release|Any CPU = Release|Any CPU
	EndGlobalSection
	GlobalSection(ProjectConfigurationPlatforms) = postSolution
		{3F36D34E-9BAB-441C-9155-AA7200ADD4F2}.Debug|Any CPU.ActiveCfg = Debug|Any CPU
		{3F36D34E-9BAB-441C-9155-AA7200ADD4F2}.Debug|Any CPU.Build.0 = Debug|Any CPU
		{3F36D34E-9BAB-441C-9155-AA7200ADD4F2}.Release|Any CPU.ActiveCfg = Release|Any CPU
		{3F36D34E-9BAB-441C-9155-AA7200ADD4F2}.Release|Any CPU.Build.0 = Release|Any CPU
	EndGlobalSection
	GlobalSection(SolutionProperties) = preSolution
		HideSolutionNode = FALSE
	EndGlobalSection
	GlobalSection(ExtensibilityGlobals) = postSolution
		SolutionGuid = {A7A969AA-203D-448E-89AE-C875DD554ABC}
	EndGlobalSection
EndGlobal
