
Microsoft Visual Studio Solution File, Format Version 12.00
# Visual Studio Version 17
VisualStudioVersion = 17.14.36109.1 d17.14
MinimumVisualStudioVersion = 10.0.40219.1
Project("{FAE04EC0-301F-11D3-BF4B-00C04F79EFBC}") = "Доп задачи одна на человека, номер по списку", "Доп задачи одна на человека, номер по списку\Доп задачи одна на человека, номер по списку.csproj", "{DCCB22AC-B090-472C-A805-884BB30EF81A}"
EndProject
Global
	GlobalSection(SolutionConfigurationPlatforms) = preSolution
		Debug|Any CPU = Debug|Any CPU
		Release|Any CPU = Release|Any CPU
	EndGlobalSection
	GlobalSection(ProjectConfigurationPlatforms) = postSolution
		{DCCB22AC-B090-472C-A805-884BB30EF81A}.Debug|Any CPU.ActiveCfg = Debug|Any CPU
		{DCCB22AC-B090-472C-A805-884BB30EF81A}.Debug|Any CPU.Build.0 = Debug|Any CPU
		{DCCB22AC-B090-472C-A805-884BB30EF81A}.Release|Any CPU.ActiveCfg = Release|Any CPU
		{DCCB22AC-B090-472C-A805-884BB30EF81A}.Release|Any CPU.Build.0 = Release|Any CPU
	EndGlobalSection
	GlobalSection(SolutionProperties) = preSolution
		HideSolutionNode = FALSE
	EndGlobalSection
	GlobalSection(ExtensibilityGlobals) = postSolution
		SolutionGuid = {CFB81D84-763C-4940-9646-A5A7AE2A5370}
	EndGlobalSection
EndGlobal
